
Microsoft Visual Studio Solution File, Format Version 12.00
# Visual Studio 14
VisualStudioVersion = 14.0.25123.0
MinimumVisualStudioVersion = 10.0.40219.1
Project("{FAE04EC0-301F-11D3-BF4B-00C04F79EFBC}") = "GoldKeyLib", "GoldKeyLib.csproj", "{89437519-7E5E-4CB4-BF73-3161836BF3E0}"
EndProject
Project("{FAE04EC0-301F-11D3-BF4B-00C04F79EFBC}") = "GoldKeyDALib", "..\GoldKeyDALib\GoldKeyDALib.csproj", "{BC11CDAD-DC78-4B68-99D9-79C65DA77BC6}"
EndProject
Project("{FAE04EC0-301F-11D3-BF4B-00C04F79EFBC}") = "GoldKeyConsole", "GoldKeyConsole\GoldKeyConsole.csproj", "{C2982F89-7C72-45B0-8228-480E7CB9BB20}"
EndProject
Project("{FAE04EC0-301F-11D3-BF4B-00C04F79EFBC}") = "GoldKeyWeb", "..\GoldKeyWeb\GoldKeyWeb.csproj", "{9DEEF379-EFC1-44C0-AD6B-CCF029984EA7}"
EndProject
Global
	GlobalSection(SolutionConfigurationPlatforms) = preSolution
		Debug|Any CPU = Debug|Any CPU
		Release|Any CPU = Release|Any CPU
	EndGlobalSection
	GlobalSection(ProjectConfigurationPlatforms) = postSolution
		{89437519-7E5E-4CB4-BF73-3161836BF3E0}.Debug|Any CPU.ActiveCfg = Debug|Any CPU
		{89437519-7E5E-4CB4-BF73-3161836BF3E0}.Debug|Any CPU.Build.0 = Debug|Any CPU
		{89437519-7E5E-4CB4-BF73-3161836BF3E0}.Release|Any CPU.ActiveCfg = Release|Any CPU
		{89437519-7E5E-4CB4-BF73-3161836BF3E0}.Release|Any CPU.Build.0 = Release|Any CPU
		{BC11CDAD-DC78-4B68-99D9-79C65DA77BC6}.Debug|Any CPU.ActiveCfg = Debug|Any CPU
		{BC11CDAD-DC78-4B68-99D9-79C65DA77BC6}.Debug|Any CPU.Build.0 = Debug|Any CPU
		{BC11CDAD-DC78-4B68-99D9-79C65DA77BC6}.Release|Any CPU.ActiveCfg = Release|Any CPU
		{BC11CDAD-DC78-4B68-99D9-79C65DA77BC6}.Release|Any CPU.Build.0 = Release|Any CPU
		{C2982F89-7C72-45B0-8228-480E7CB9BB20}.Debug|Any CPU.ActiveCfg = Debug|Any CPU
		{C2982F89-7C72-45B0-8228-480E7CB9BB20}.Debug|Any CPU.Build.0 = Debug|Any CPU
		{C2982F89-7C72-45B0-8228-480E7CB9BB20}.Release|Any CPU.ActiveCfg = Release|Any CPU
		{C2982F89-7C72-45B0-8228-480E7CB9BB20}.Release|Any CPU.Build.0 = Release|Any CPU
		{9DEEF379-EFC1-44C0-AD6B-CCF029984EA7}.Debug|Any CPU.ActiveCfg = Debug|Any CPU
		{9DEEF379-EFC1-44C0-AD6B-CCF029984EA7}.Debug|Any CPU.Build.0 = Debug|Any CPU
		{9DEEF379-EFC1-44C0-AD6B-CCF029984EA7}.Release|Any CPU.ActiveCfg = Release|Any CPU
		{9DEEF379-EFC1-44C0-AD6B-CCF029984EA7}.Release|Any CPU.Build.0 = Release|Any CPU
	EndGlobalSection
	GlobalSection(SolutionProperties) = preSolution
		HideSolutionNode = FALSE
	EndGlobalSection
EndGlobal
